# THIS IS AN AUTOGENERATED FILE. DO NOT EDIT THIS FILE DIRECTLY.
# yarn lockfile v1


react-client-only@^1.0.2:
  version "1.0.2"
  resolved "https://registry.yarnpkg.com/react-client-only/-/react-client-only-1.0.2.tgz#53f3e3a1f3d33fadfc8163fd6b2326095133df3d"
  integrity sha512-mfD/jfT2Vwy70/dRG05njzQgZyMpU2q3PY1uOOLxR/W2ikHEvTE+rm2o5mwxT66pxGoxWRSx/TSa1gjURHexjQ==
